
Microsoft Visual Studio Solution File, Format Version 12.00
# Visual Studio Version 17
VisualStudioVersion = 17.7.34202.233
MinimumVisualStudioVersion = 10.0.40219.1
Project("{9A19103F-16F7-4668-BE54-9A1E7A4F7556}") = "ASPCMVC01", "ASPCMVC\ASPCMVC01.csproj", "{EEAC65BE-A097-4FAC-9242-7FF7B269FB6E}"
EndProject
Project("{9A19103F-16F7-4668-BE54-9A1E7A4F7556}") = "ASPCMVC02", "ASPCMVC02\ASPCMVC02.csproj", "{79EC34FA-015D-4D08-B511-A59F67A4A9C0}"
EndProject
Project("{9A19103F-16F7-4668-BE54-9A1E7A4F7556}") = "ASPCMVC03", "ASPCMVC03\ASPCMVC03.csproj", "{A87E091F-BFE2-4A93-92CB-EFDCFECECE11}"
EndProject
Project("{9A19103F-16F7-4668-BE54-9A1E7A4F7556}") = "ASPCMVC04", "ASPCMVC04\ASPCMVC04.csproj", "{2F406C30-C02F-40FB-B47E-C626888AF860}"
EndProject
Project("{9A19103F-16F7-4668-BE54-9A1E7A4F7556}") = "ASPCMVC05", "ASPCMVC05\ASPCMVC05.csproj", "{BBFF1130-91AA-40F4-B49E-2C6040EFD6A5}"
EndProject
Project("{FAE04EC0-301F-11D3-BF4B-00C04F79EFBC}") = "ASPCMVC06", "ASPCMVC06\ASPCMVC06.csproj", "{9104BB9B-09F6-48F0-B27D-04168CE2973C}"
EndProject
Project("{FAE04EC0-301F-11D3-BF4B-00C04F79EFBC}") = "ASPCMVC07", "ASPCMVC07\ASPCMVC07.csproj", "{A226B209-076D-444D-AF6A-0C819F1A927D}"
EndProject
Global
	GlobalSection(SolutionConfigurationPlatforms) = preSolution
		Debug|Any CPU = Debug|Any CPU
		Release|Any CPU = Release|Any CPU
	EndGlobalSection
	GlobalSection(ProjectConfigurationPlatforms) = postSolution
		{EEAC65BE-A097-4FAC-9242-7FF7B269FB6E}.Debug|Any CPU.ActiveCfg = Debug|Any CPU
		{EEAC65BE-A097-4FAC-9242-7FF7B269FB6E}.Debug|Any CPU.Build.0 = Debug|Any CPU
		{EEAC65BE-A097-4FAC-9242-7FF7B269FB6E}.Release|Any CPU.ActiveCfg = Release|Any CPU
		{EEAC65BE-A097-4FAC-9242-7FF7B269FB6E}.Release|Any CPU.Build.0 = Release|Any CPU
		{79EC34FA-015D-4D08-B511-A59F67A4A9C0}.Debug|Any CPU.ActiveCfg = Debug|Any CPU
		{79EC34FA-015D-4D08-B511-A59F67A4A9C0}.Debug|Any CPU.Build.0 = Debug|Any CPU
		{79EC34FA-015D-4D08-B511-A59F67A4A9C0}.Release|Any CPU.ActiveCfg = Release|Any CPU
		{79EC34FA-015D-4D08-B511-A59F67A4A9C0}.Release|Any CPU.Build.0 = Release|Any CPU
		{A87E091F-BFE2-4A93-92CB-EFDCFECECE11}.Debug|Any CPU.ActiveCfg = Debug|Any CPU
		{A87E091F-BFE2-4A93-92CB-EFDCFECECE11}.Debug|Any CPU.Build.0 = Debug|Any CPU
		{A87E091F-BFE2-4A93-92CB-EFDCFECECE11}.Release|Any CPU.ActiveCfg = Release|Any CPU
		{A87E091F-BFE2-4A93-92CB-EFDCFECECE11}.Release|Any CPU.Build.0 = Release|Any CPU
		{2F406C30-C02F-40FB-B47E-C626888AF860}.Debug|Any CPU.ActiveCfg = Debug|Any CPU
		{2F406C30-C02F-40FB-B47E-C626888AF860}.Debug|Any CPU.Build.0 = Debug|Any CPU
		{2F406C30-C02F-40FB-B47E-C626888AF860}.Release|Any CPU.ActiveCfg = Release|Any CPU
		{2F406C30-C02F-40FB-B47E-C626888AF860}.Release|Any CPU.Build.0 = Release|Any CPU
		{BBFF1130-91AA-40F4-B49E-2C6040EFD6A5}.Debug|Any CPU.ActiveCfg = Debug|Any CPU
		{BBFF1130-91AA-40F4-B49E-2C6040EFD6A5}.Debug|Any CPU.Build.0 = Debug|Any CPU
		{BBFF1130-91AA-40F4-B49E-2C6040EFD6A5}.Release|Any CPU.ActiveCfg = Release|Any CPU
		{BBFF1130-91AA-40F4-B49E-2C6040EFD6A5}.Release|Any CPU.Build.0 = Release|Any CPU
		{9104BB9B-09F6-48F0-B27D-04168CE2973C}.Debug|Any CPU.ActiveCfg = Debug|Any CPU
		{9104BB9B-09F6-48F0-B27D-04168CE2973C}.Debug|Any CPU.Build.0 = Debug|Any CPU
		{9104BB9B-09F6-48F0-B27D-04168CE2973C}.Release|Any CPU.ActiveCfg = Release|Any CPU
		{9104BB9B-09F6-48F0-B27D-04168CE2973C}.Release|Any CPU.Build.0 = Release|Any CPU
		{A226B209-076D-444D-AF6A-0C819F1A927D}.Debug|Any CPU.ActiveCfg = Debug|Any CPU
		{A226B209-076D-444D-AF6A-0C819F1A927D}.Debug|Any CPU.Build.0 = Debug|Any CPU
		{A226B209-076D-444D-AF6A-0C819F1A927D}.Release|Any CPU.ActiveCfg = Release|Any CPU
		{A226B209-076D-444D-AF6A-0C819F1A927D}.Release|Any CPU.Build.0 = Release|Any CPU
	EndGlobalSection
	GlobalSection(SolutionProperties) = preSolution
		HideSolutionNode = FALSE
	EndGlobalSection
	GlobalSection(ExtensibilityGlobals) = postSolution
		SolutionGuid = {7231E66B-4A33-4AFE-AAE1-C65601583E47}
	EndGlobalSection
EndGlobal
