
Microsoft Visual Studio Solution File, Format Version 12.00
# Visual Studio Version 17
VisualStudioVersion = 17.5.33424.131
MinimumVisualStudioVersion = 10.0.40219.1
Project("{9A19103F-16F7-4668-BE54-9A1E7A4F7556}") = "ASPCMVC08", "ASPCMVC08.csproj", "{F061C968-E3FB-45D4-B32D-C249A0DC3BA1}"
EndProject
Global
	GlobalSection(SolutionConfigurationPlatforms) = preSolution
		Debug|Any CPU = Debug|Any CPU
		Release|Any CPU = Release|Any CPU
	EndGlobalSection
	GlobalSection(ProjectConfigurationPlatforms) = postSolution
		{F061C968-E3FB-45D4-B32D-C249A0DC3BA1}.Debug|Any CPU.ActiveCfg = Debug|Any CPU
		{F061C968-E3FB-45D4-B32D-C249A0DC3BA1}.Debug|Any CPU.Build.0 = Debug|Any CPU
		{F061C968-E3FB-45D4-B32D-C249A0DC3BA1}.Release|Any CPU.ActiveCfg = Release|Any CPU
		{F061C968-E3FB-45D4-B32D-C249A0DC3BA1}.Release|Any CPU.Build.0 = Release|Any CPU
	EndGlobalSection
	GlobalSection(SolutionProperties) = preSolution
		HideSolutionNode = FALSE
	EndGlobalSection
	GlobalSection(ExtensibilityGlobals) = postSolution
		SolutionGuid = {11663040-9666-4D3E-B617-B78B9370FEAB}
	EndGlobalSection
EndGlobal
