
Microsoft Visual Studio Solution File, Format Version 12.00
# Visual Studio Version 17
VisualStudioVersion = 17.5.33424.131
MinimumVisualStudioVersion = 10.0.40219.1
Project("{FAE04EC0-301F-11D3-BF4B-00C04F79EFBC}") = "Project2", "Project2\Project2.csproj", "{D2FAC6DF-81D7-4635-816E-3CDCA45736C5}"
EndProject
Global
	GlobalSection(SolutionConfigurationPlatforms) = preSolution
		Debug|Any CPU = Debug|Any CPU
		Release|Any CPU = Release|Any CPU
	EndGlobalSection
	GlobalSection(ProjectConfigurationPlatforms) = postSolution
		{D2FAC6DF-81D7-4635-816E-3CDCA45736C5}.Debug|Any CPU.ActiveCfg = Debug|Any CPU
		{D2FAC6DF-81D7-4635-816E-3CDCA45736C5}.Debug|Any CPU.Build.0 = Debug|Any CPU
		{D2FAC6DF-81D7-4635-816E-3CDCA45736C5}.Release|Any CPU.ActiveCfg = Release|Any CPU
		{D2FAC6DF-81D7-4635-816E-3CDCA45736C5}.Release|Any CPU.Build.0 = Release|Any CPU
	EndGlobalSection
	GlobalSection(SolutionProperties) = preSolution
		HideSolutionNode = FALSE
	EndGlobalSection
	GlobalSection(ExtensibilityGlobals) = postSolution
		SolutionGuid = {FF61C08F-A633-4FEB-944A-B5C4A674672B}
	EndGlobalSection
EndGlobal
